# This file is autogenerated, do not edit; changes may be undone by the next 'dep ensure'.


[[projects]]
  name = "github.com/bitly/go-simplejson"
  packages = ["."]
  revision = "aabad6e819789e569bd6aabf444c935aa9ba1e44"
  version = "v0.5.0"

[[projects]]
  name = "github.com/fsnotify/fsnotify"
  packages = ["."]
  revision = "c2828203cd70a50dcccfb2761f8b1f8ceef9a8e9"
  version = "v1.4.7"

[[projects]]
  name = "github.com/imdario/mergo"
  packages = ["."]
  revision = "9d5f1277e9a8ed20c3684bda8fde67c05628518c"
  version = "v0.3.4"

[[projects]]
  name = "github.com/micro/go-config"
  packages = [
    ".",
    "reader",
    "reader/json",
    "source",
    "source/file"
  ]
  revision = "fe07b528e4a61442f506a41fcf88ce16ae7691a7"
  version = "v0.4.0"

[[projects]]
  branch = "master"
  name = "github.com/mitchellh/hashstructure"
  packages = ["."]
  revision = "2bca23e0e452137f789efbc8610126fd8b94f73b"

[[projects]]
  branch = "master"
  name = "golang.org/x/sys"
  packages = ["unix"]
  revision = "d4cedef3467ee719ea35470faeefbc6d0fa18e4b"

[solve-meta]
  analyzer-name = "dep"
  analyzer-version = 1
  inputs-digest = "c96f78e73d0ee084963916533e82be5075f6ad8390e028ee224056e828319b8b"
  solver-name = "gps-cdcl"
  solver-version = 1
